
Microsoft Visual Studio Solution File, Format Version 12.00
# Visual Studio 15
VisualStudioVersion = 15.0.26403.7
MinimumVisualStudioVersion = 10.0.40219.1
Project("{9A19103F-16F7-4668-BE54-9A1E7A4F7556}") = "CCM", "src\CCM.Web\CCM.csproj", "{FBF2C197-C7C7-491E-8E10-13738BF8397A}"
EndProject
Project("{FAE04EC0-301F-11D3-BF4B-00C04F79EFBC}") = "CCM.Data", "src\CCM.Data\CCM.Data.csproj", "{6B33FECF-F077-4918-AA3E-0C35C5CD4991}"
EndProject
Project("{FAE04EC0-301F-11D3-BF4B-00C04F79EFBC}") = "CCM.Business", "src\CCM.Business\CCM.Business.csproj", "{6F2264B0-882E-4113-A2AD-D7D833151F2D}"
EndProject
Global
	GlobalSection(SolutionConfigurationPlatforms) = preSolution
		Debug|Any CPU = Debug|Any CPU
		Release|Any CPU = Release|Any CPU
	EndGlobalSection
	GlobalSection(ProjectConfigurationPlatforms) = postSolution
		{FBF2C197-C7C7-491E-8E10-13738BF8397A}.Debug|Any CPU.ActiveCfg = Debug|Any CPU
		{FBF2C197-C7C7-491E-8E10-13738BF8397A}.Debug|Any CPU.Build.0 = Debug|Any CPU
		{FBF2C197-C7C7-491E-8E10-13738BF8397A}.Release|Any CPU.ActiveCfg = Release|Any CPU
		{FBF2C197-C7C7-491E-8E10-13738BF8397A}.Release|Any CPU.Build.0 = Release|Any CPU
		{6B33FECF-F077-4918-AA3E-0C35C5CD4991}.Debug|Any CPU.ActiveCfg = Debug|Any CPU
		{6B33FECF-F077-4918-AA3E-0C35C5CD4991}.Debug|Any CPU.Build.0 = Debug|Any CPU
		{6B33FECF-F077-4918-AA3E-0C35C5CD4991}.Release|Any CPU.ActiveCfg = Release|Any CPU
		{6B33FECF-F077-4918-AA3E-0C35C5CD4991}.Release|Any CPU.Build.0 = Release|Any CPU
		{6F2264B0-882E-4113-A2AD-D7D833151F2D}.Debug|Any CPU.ActiveCfg = Debug|Any CPU
		{6F2264B0-882E-4113-A2AD-D7D833151F2D}.Debug|Any CPU.Build.0 = Debug|Any CPU
		{6F2264B0-882E-4113-A2AD-D7D833151F2D}.Release|Any CPU.ActiveCfg = Release|Any CPU
		{6F2264B0-882E-4113-A2AD-D7D833151F2D}.Release|Any CPU.Build.0 = Release|Any CPU
	EndGlobalSection
	GlobalSection(SolutionProperties) = preSolution
		HideSolutionNode = FALSE
	EndGlobalSection
EndGlobal
